{
  "version": 4,
  "terraform_version": "1.11.3",
  "serial": 445,
  "lineage": "68470e5d-3df0-ce09-32ba-50f034770008",
  "outputs": {},
  "resources": [
    {
      "module": "module.network",
      "mode": "managed",
      "type": "aws_internet_gateway",
      "name": "gw",
      "provider": "provider[\"registry.terraform.io/hashicorp/aws\"]",
      "instances": [
        {
          "index_key": "tf-vpc",
          "schema_version": 0,
          "attributes": {
            "arn": "arn:aws:ec2:eu-central-1:253490768279:internet-gateway/igw-056d8e79e8e7e9454",
            "id": "igw-056d8e79e8e7e9454",
            "owner_id": "253490768279",
            "tags": {
              "Name": "tf-vpc-igw"
            },
            "tags_all": {
              "Name": "tf-vpc-igw"
            },
            "timeouts": null,
            "vpc_id": "vpc-0c5cef68b39351714"
          },
          "sensitive_attributes": [],
          "private": "eyJlMmJmYjczMC1lY2FhLTExZTYtOGY4OC0zNDM2M2JjN2M0YzAiOnsiY3JlYXRlIjoxMjAwMDAwMDAwMDAwLCJkZWxldGUiOjEyMDAwMDAwMDAwMDAsInVwZGF0ZSI6MTIwMDAwMDAwMDAwMH19",
          "dependencies": [
            "module.network.aws_vpc.terraform"
          ]
        }
      ]
    },
    {
      "module": "module.network",
      "mode": "managed",
      "type": "aws_route_table",
      "name": "database",
      "provider": "provider[\"registry.terraform.io/hashicorp/aws\"]",
      "instances": [
        {
          "index_key": "tf-vpc",
          "schema_version": 0,
          "attributes": {
            "arn": "arn:aws:ec2:eu-central-1:253490768279:route-table/rtb-01669600a47ef1d8d",
            "id": "rtb-01669600a47ef1d8d",
            "owner_id": "253490768279",
            "propagating_vgws": [],
            "route": [
              {
                "carrier_gateway_id": "",
                "cidr_block": "10.0.0.0/16",
                "core_network_arn": "",
                "destination_prefix_list_id": "",
                "egress_only_gateway_id": "",
                "gateway_id": "local",
                "ipv6_cidr_block": "",
                "local_gateway_id": "",
                "nat_gateway_id": "",
                "network_interface_id": "",
                "transit_gateway_id": "",
                "vpc_endpoint_id": "",
                "vpc_peering_connection_id": ""
              }
            ],
            "tags": {
              "Name": "tf-vpc-database-rt"
            },
            "tags_all": {
              "Name": "tf-vpc-database-rt"
            },
            "timeouts": null,
            "vpc_id": "vpc-0c5cef68b39351714"
          },
          "sensitive_attributes": [],
          "private": "eyJlMmJmYjczMC1lY2FhLTExZTYtOGY4OC0zNDM2M2JjN2M0YzAiOnsiY3JlYXRlIjozMDAwMDAwMDAwMDAsImRlbGV0ZSI6MzAwMDAwMDAwMDAwLCJ1cGRhdGUiOjEyMDAwMDAwMDAwMH19",
          "dependencies": [
            "module.network.aws_vpc.terraform"
          ]
        }
      ]
    },
    {
      "module": "module.network",
      "mode": "managed",
      "type": "aws_route_table",
      "name": "public",
      "provider": "provider[\"registry.terraform.io/hashicorp/aws\"]",
      "instances": [
        {
          "index_key": "tf-vpc",
          "schema_version": 0,
          "attributes": {
            "arn": "arn:aws:ec2:eu-central-1:253490768279:route-table/rtb-0bcc251ee88740fde",
            "id": "rtb-0bcc251ee88740fde",
            "owner_id": "253490768279",
            "propagating_vgws": [],
            "route": [
              {
                "carrier_gateway_id": "",
                "cidr_block": "0.0.0.0/0",
                "core_network_arn": "",
                "destination_prefix_list_id": "",
                "egress_only_gateway_id": "",
                "gateway_id": "igw-056d8e79e8e7e9454",
                "ipv6_cidr_block": "",
                "local_gateway_id": "",
                "nat_gateway_id": "",
                "network_interface_id": "",
                "transit_gateway_id": "",
                "vpc_endpoint_id": "",
                "vpc_peering_connection_id": ""
              }
            ],
            "tags": {
              "Name": "tf-vpc-public-rt"
            },
            "tags_all": {
              "Name": "tf-vpc-public-rt"
            },
            "timeouts": null,
            "vpc_id": "vpc-0c5cef68b39351714"
          },
          "sensitive_attributes": [],
          "private": "eyJlMmJmYjczMC1lY2FhLTExZTYtOGY4OC0zNDM2M2JjN2M0YzAiOnsiY3JlYXRlIjozMDAwMDAwMDAwMDAsImRlbGV0ZSI6MzAwMDAwMDAwMDAwLCJ1cGRhdGUiOjEyMDAwMDAwMDAwMH19",
          "dependencies": [
            "module.network.aws_internet_gateway.gw",
            "module.network.aws_vpc.terraform"
          ]
        }
      ]
    },
    {
      "module": "module.network",
      "mode": "managed",
      "type": "aws_route_table_association",
      "name": "public",
      "provider": "provider[\"registry.terraform.io/hashicorp/aws\"]",
      "instances": [
        {
          "index_key": "public-subnet-a",
          "schema_version": 0,
          "attributes": {
            "gateway_id": "",
            "id": "rtbassoc-0c14294d68ec2a1d7",
            "route_table_id": "rtb-0bcc251ee88740fde",
            "subnet_id": "subnet-0e7f7dc13a5186b31",
            "timeouts": null
          },
          "sensitive_attributes": [],
          "private": "eyJlMmJmYjczMC1lY2FhLTExZTYtOGY4OC0zNDM2M2JjN2M0YzAiOnsiY3JlYXRlIjozMDAwMDAwMDAwMDAsImRlbGV0ZSI6MzAwMDAwMDAwMDAwLCJ1cGRhdGUiOjEyMDAwMDAwMDAwMH19",
          "dependencies": [
            "module.network.aws_internet_gateway.gw",
            "module.network.aws_route_table.public",
            "module.network.aws_subnet.subnets",
            "module.network.aws_vpc.terraform"
          ]
        },
        {
          "index_key": "public-subnet-b",
          "schema_version": 0,
          "attributes": {
            "gateway_id": "",
            "id": "rtbassoc-09bb411c8e11f4db7",
            "route_table_id": "rtb-0bcc251ee88740fde",
            "subnet_id": "subnet-0651ab109bb945ffa",
            "timeouts": null
          },
          "sensitive_attributes": [],
          "private": "eyJlMmJmYjczMC1lY2FhLTExZTYtOGY4OC0zNDM2M2JjN2M0YzAiOnsiY3JlYXRlIjozMDAwMDAwMDAwMDAsImRlbGV0ZSI6MzAwMDAwMDAwMDAwLCJ1cGRhdGUiOjEyMDAwMDAwMDAwMH19",
          "dependencies": [
            "module.network.aws_internet_gateway.gw",
            "module.network.aws_route_table.public",
            "module.network.aws_subnet.subnets",
            "module.network.aws_vpc.terraform"
          ]
        }
      ]
    },
    {
      "module": "module.network",
      "mode": "managed",
      "type": "aws_subnet",
      "name": "subnets",
      "provider": "provider[\"registry.terraform.io/hashicorp/aws\"]",
      "instances": [
        {
          "index_key": "public-subnet-a",
          "schema_version": 1,
          "attributes": {
            "arn": "arn:aws:ec2:eu-central-1:253490768279:subnet/subnet-0e7f7dc13a5186b31",
            "assign_ipv6_address_on_creation": false,
            "availability_zone": "eu-central-1a",
            "availability_zone_id": "euc1-az2",
            "cidr_block": "10.0.1.0/24",
            "customer_owned_ipv4_pool": "",
            "enable_dns64": false,
            "enable_lni_at_device_index": 0,
            "enable_resource_name_dns_a_record_on_launch": false,
            "enable_resource_name_dns_aaaa_record_on_launch": false,
            "id": "subnet-0e7f7dc13a5186b31",
            "ipv6_cidr_block": "",
            "ipv6_cidr_block_association_id": "",
            "ipv6_native": false,
            "map_customer_owned_ip_on_launch": false,
            "map_public_ip_on_launch": true,
            "outpost_arn": "",
            "owner_id": "253490768279",
            "private_dns_hostname_type_on_launch": "ip-name",
            "tags": {
              "Name": "public-subnet-a"
            },
            "tags_all": {
              "Name": "public-subnet-a"
            },
            "timeouts": null,
            "vpc_id": "vpc-0c5cef68b39351714"
          },
          "sensitive_attributes": [],
          "private": "eyJlMmJmYjczMC1lY2FhLTExZTYtOGY4OC0zNDM2M2JjN2M0YzAiOnsiY3JlYXRlIjo2MDAwMDAwMDAwMDAsImRlbGV0ZSI6MTIwMDAwMDAwMDAwMH0sInNjaGVtYV92ZXJzaW9uIjoiMSJ9",
          "dependencies": [
            "module.network.aws_vpc.terraform"
          ]
        },
        {
          "index_key": "public-subnet-b",
          "schema_version": 1,
          "attributes": {
            "arn": "arn:aws:ec2:eu-central-1:253490768279:subnet/subnet-0651ab109bb945ffa",
            "assign_ipv6_address_on_creation": false,
            "availability_zone": "eu-central-1b",
            "availability_zone_id": "euc1-az3",
            "cidr_block": "10.0.2.0/24",
            "customer_owned_ipv4_pool": "",
            "enable_dns64": false,
            "enable_lni_at_device_index": 0,
            "enable_resource_name_dns_a_record_on_launch": false,
            "enable_resource_name_dns_aaaa_record_on_launch": false,
            "id": "subnet-0651ab109bb945ffa",
            "ipv6_cidr_block": "",
            "ipv6_cidr_block_association_id": "",
            "ipv6_native": false,
            "map_customer_owned_ip_on_launch": false,
            "map_public_ip_on_launch": true,
            "outpost_arn": "",
            "owner_id": "253490768279",
            "private_dns_hostname_type_on_launch": "ip-name",
            "tags": {
              "Name": "public-subnet-b"
            },
            "tags_all": {
              "Name": "public-subnet-b"
            },
            "timeouts": null,
            "vpc_id": "vpc-0c5cef68b39351714"
          },
          "sensitive_attributes": [],
          "private": "eyJlMmJmYjczMC1lY2FhLTExZTYtOGY4OC0zNDM2M2JjN2M0YzAiOnsiY3JlYXRlIjo2MDAwMDAwMDAwMDAsImRlbGV0ZSI6MTIwMDAwMDAwMDAwMH0sInNjaGVtYV92ZXJzaW9uIjoiMSJ9",
          "dependencies": [
            "module.network.aws_vpc.terraform"
          ]
        }
      ]
    },
    {
      "module": "module.network",
      "mode": "managed",
      "type": "aws_vpc",
      "name": "terraform",
      "provider": "provider[\"registry.terraform.io/hashicorp/aws\"]",
      "instances": [
        {
          "index_key": "tf-vpc",
          "schema_version": 1,
          "attributes": {
            "arn": "arn:aws:ec2:eu-central-1:253490768279:vpc/vpc-0c5cef68b39351714",
            "assign_generated_ipv6_cidr_block": false,
            "cidr_block": "10.0.0.0/16",
            "default_network_acl_id": "acl-03ded08ce9d679e41",
            "default_route_table_id": "rtb-03bc0499b2758a4ff",
            "default_security_group_id": "sg-0aa58f42e68db4540",
            "dhcp_options_id": "dopt-04c18528da53c85f3",
            "enable_dns_hostnames": true,
            "enable_dns_support": true,
            "enable_network_address_usage_metrics": false,
            "id": "vpc-0c5cef68b39351714",
            "instance_tenancy": "default",
            "ipv4_ipam_pool_id": null,
            "ipv4_netmask_length": null,
            "ipv6_association_id": "",
            "ipv6_cidr_block": "",
            "ipv6_cidr_block_network_border_group": "",
            "ipv6_ipam_pool_id": "",
            "ipv6_netmask_length": 0,
            "main_route_table_id": "rtb-03bc0499b2758a4ff",
            "owner_id": "253490768279",
            "tags": {
              "Name": "tf-vpc"
            },
            "tags_all": {
              "Name": "tf-vpc"
            }
          },
          "sensitive_attributes": [],
          "private": "eyJzY2hlbWFfdmVyc2lvbiI6IjEifQ=="
        }
      ]
    },
    {
      "module": "module.security_groups",
      "mode": "managed",
      "type": "aws_security_group",
      "name": "all",
      "provider": "provider[\"registry.terraform.io/hashicorp/aws\"]",
      "instances": [
        {
          "index_key": "test-sg",
          "schema_version": 1,
          "attributes": {
            "arn": "arn:aws:ec2:eu-central-1:253490768279:security-group/sg-0a13d3f8894168883",
            "description": "test",
            "egress": [],
            "id": "sg-0a13d3f8894168883",
            "ingress": [],
            "name": "test-sg",
            "name_prefix": "",
            "owner_id": "253490768279",
            "revoke_rules_on_delete": false,
            "tags": null,
            "tags_all": {},
            "timeouts": null,
            "vpc_id": "vpc-0c5cef68b39351714"
          },
          "sensitive_attributes": [],
          "private": "eyJlMmJmYjczMC1lY2FhLTExZTYtOGY4OC0zNDM2M2JjN2M0YzAiOnsiY3JlYXRlIjo2MDAwMDAwMDAwMDAsImRlbGV0ZSI6OTAwMDAwMDAwMDAwfSwic2NoZW1hX3ZlcnNpb24iOiIxIn0=",
          "dependencies": [
            "module.network.aws_vpc.terraform"
          ]
        },
        {
          "index_key": "test-sg-2",
          "schema_version": 1,
          "attributes": {
            "arn": "arn:aws:ec2:eu-central-1:253490768279:security-group/sg-032390ac008f7118a",
            "description": "test",
            "egress": [],
            "id": "sg-032390ac008f7118a",
            "ingress": [],
            "name": "test-sg-2",
            "name_prefix": "",
            "owner_id": "253490768279",
            "revoke_rules_on_delete": false,
            "tags": null,
            "tags_all": {},
            "timeouts": null,
            "vpc_id": "vpc-0c5cef68b39351714"
          },
          "sensitive_attributes": [],
          "private": "eyJlMmJmYjczMC1lY2FhLTExZTYtOGY4OC0zNDM2M2JjN2M0YzAiOnsiY3JlYXRlIjo2MDAwMDAwMDAwMDAsImRlbGV0ZSI6OTAwMDAwMDAwMDAwfSwic2NoZW1hX3ZlcnNpb24iOiIxIn0=",
          "dependencies": [
            "module.network.aws_vpc.terraform"
          ]
        }
      ]
    },
    {
      "module": "module.security_groups",
      "mode": "managed",
      "type": "aws_vpc_security_group_egress_rule",
      "name": "all",
      "provider": "provider[\"registry.terraform.io/hashicorp/aws\"]",
      "instances": [
        {
          "index_key": "test-sg--1--internal",
          "schema_version": 0,
          "attributes": {
            "arn": "arn:aws:ec2:eu-central-1:253490768279:security-group-rule/sgr-0bb7c250f7515559c",
            "cidr_ipv4": "10.0.0.0/16",
            "cidr_ipv6": null,
            "description": null,
            "from_port": null,
            "id": "sgr-0bb7c250f7515559c",
            "ip_protocol": "-1",
            "prefix_list_id": null,
            "referenced_security_group_id": null,
            "security_group_id": "sg-0a13d3f8894168883",
            "security_group_rule_id": "sgr-0bb7c250f7515559c",
            "tags": null,
            "tags_all": {},
            "to_port": null
          },
          "sensitive_attributes": [],
          "dependencies": [
            "module.network.aws_vpc.terraform",
            "module.security_groups.aws_security_group.all"
          ]
        },
        {
          "index_key": "test-sg--1--public",
          "schema_version": 0,
          "attributes": {
            "arn": "arn:aws:ec2:eu-central-1:253490768279:security-group-rule/sgr-0e1ab58505b5c9f85",
            "cidr_ipv4": "0.0.0.0/0",
            "cidr_ipv6": null,
            "description": null,
            "from_port": null,
            "id": "sgr-0e1ab58505b5c9f85",
            "ip_protocol": "-1",
            "prefix_list_id": null,
            "referenced_security_group_id": null,
            "security_group_id": "sg-0a13d3f8894168883",
            "security_group_rule_id": "sgr-0e1ab58505b5c9f85",
            "tags": null,
            "tags_all": {},
            "to_port": null
          },
          "sensitive_attributes": [],
          "dependencies": [
            "module.network.aws_vpc.terraform",
            "module.security_groups.aws_security_group.all"
          ]
        },
        {
          "index_key": "test-sg-2--1--internal",
          "schema_version": 0,
          "attributes": {
            "arn": "arn:aws:ec2:eu-central-1:253490768279:security-group-rule/sgr-0022e21f3cecc7755",
            "cidr_ipv4": "10.0.0.0/16",
            "cidr_ipv6": null,
            "description": null,
            "from_port": null,
            "id": "sgr-0022e21f3cecc7755",
            "ip_protocol": "-1",
            "prefix_list_id": null,
            "referenced_security_group_id": null,
            "security_group_id": "sg-032390ac008f7118a",
            "security_group_rule_id": "sgr-0022e21f3cecc7755",
            "tags": null,
            "tags_all": {},
            "to_port": null
          },
          "sensitive_attributes": [],
          "dependencies": [
            "module.network.aws_vpc.terraform",
            "module.security_groups.aws_security_group.all"
          ]
        },
        {
          "index_key": "test-sg-2--1--public",
          "schema_version": 0,
          "attributes": {
            "arn": "arn:aws:ec2:eu-central-1:253490768279:security-group-rule/sgr-0ddafd6175f6b360e",
            "cidr_ipv4": "0.0.0.0/0",
            "cidr_ipv6": null,
            "description": null,
            "from_port": null,
            "id": "sgr-0ddafd6175f6b360e",
            "ip_protocol": "-1",
            "prefix_list_id": null,
            "referenced_security_group_id": null,
            "security_group_id": "sg-032390ac008f7118a",
            "security_group_rule_id": "sgr-0ddafd6175f6b360e",
            "tags": null,
            "tags_all": {},
            "to_port": null
          },
          "sensitive_attributes": [],
          "dependencies": [
            "module.network.aws_vpc.terraform",
            "module.security_groups.aws_security_group.all"
          ]
        }
      ]
    },
    {
      "module": "module.security_groups",
      "mode": "managed",
      "type": "aws_vpc_security_group_ingress_rule",
      "name": "all",
      "provider": "provider[\"registry.terraform.io/hashicorp/aws\"]",
      "instances": [
        {
          "index_key": "test-sg--1--internal",
          "schema_version": 0,
          "attributes": {
            "arn": "arn:aws:ec2:eu-central-1:253490768279:security-group-rule/sgr-09006d61b6254a032",
            "cidr_ipv4": "10.0.0.0/16",
            "cidr_ipv6": null,
            "description": null,
            "from_port": null,
            "id": "sgr-09006d61b6254a032",
            "ip_protocol": "-1",
            "prefix_list_id": null,
            "referenced_security_group_id": null,
            "security_group_id": "sg-0a13d3f8894168883",
            "security_group_rule_id": "sgr-09006d61b6254a032",
            "tags": null,
            "tags_all": {},
            "to_port": null
          },
          "sensitive_attributes": [],
          "dependencies": [
            "module.network.aws_vpc.terraform",
            "module.security_groups.aws_security_group.all"
          ]
        },
        {
          "index_key": "test-sg--1--public",
          "schema_version": 0,
          "attributes": {
            "arn": "arn:aws:ec2:eu-central-1:253490768279:security-group-rule/sgr-0972c2b629519ffb3",
            "cidr_ipv4": "0.0.0.0/0",
            "cidr_ipv6": null,
            "description": null,
            "from_port": null,
            "id": "sgr-0972c2b629519ffb3",
            "ip_protocol": "-1",
            "prefix_list_id": null,
            "referenced_security_group_id": null,
            "security_group_id": "sg-0a13d3f8894168883",
            "security_group_rule_id": "sgr-0972c2b629519ffb3",
            "tags": null,
            "tags_all": {},
            "to_port": null
          },
          "sensitive_attributes": [],
          "dependencies": [
            "module.network.aws_vpc.terraform",
            "module.security_groups.aws_security_group.all"
          ]
        },
        {
          "index_key": "test-sg-2--1--internal",
          "schema_version": 0,
          "attributes": {
            "arn": "arn:aws:ec2:eu-central-1:253490768279:security-group-rule/sgr-0debbd3d8124b9bf1",
            "cidr_ipv4": "10.0.0.0/16",
            "cidr_ipv6": null,
            "description": null,
            "from_port": null,
            "id": "sgr-0debbd3d8124b9bf1",
            "ip_protocol": "-1",
            "prefix_list_id": null,
            "referenced_security_group_id": null,
            "security_group_id": "sg-032390ac008f7118a",
            "security_group_rule_id": "sgr-0debbd3d8124b9bf1",
            "tags": null,
            "tags_all": {},
            "to_port": null
          },
          "sensitive_attributes": [],
          "dependencies": [
            "module.network.aws_vpc.terraform",
            "module.security_groups.aws_security_group.all"
          ]
        },
        {
          "index_key": "test-sg-2--1--public",
          "schema_version": 0,
          "attributes": {
            "arn": "arn:aws:ec2:eu-central-1:253490768279:security-group-rule/sgr-074c88250b31351c4",
            "cidr_ipv4": "0.0.0.0/0",
            "cidr_ipv6": null,
            "description": null,
            "from_port": null,
            "id": "sgr-074c88250b31351c4",
            "ip_protocol": "-1",
            "prefix_list_id": null,
            "referenced_security_group_id": null,
            "security_group_id": "sg-032390ac008f7118a",
            "security_group_rule_id": "sgr-074c88250b31351c4",
            "tags": null,
            "tags_all": {},
            "to_port": null
          },
          "sensitive_attributes": [],
          "dependencies": [
            "module.network.aws_vpc.terraform",
            "module.security_groups.aws_security_group.all"
          ]
        }
      ]
    },
    {
      "module": "module.vms",
      "mode": "managed",
      "type": "aws_instance",
      "name": "vm",
      "provider": "provider[\"registry.terraform.io/hashicorp/aws\"]",
      "instances": [
        {
          "index_key": "instance-1",
          "schema_version": 1,
          "attributes": {
            "ami": "ami-0af9b40b1a16fe700",
            "arn": "arn:aws:ec2:eu-central-1:253490768279:instance/i-07a9cc5a551f1d35b",
            "associate_public_ip_address": true,
            "availability_zone": "eu-central-1a",
            "capacity_reservation_specification": [
              {
                "capacity_reservation_preference": "open",
                "capacity_reservation_target": []
              }
            ],
            "cpu_core_count": 2,
            "cpu_options": [
              {
                "amd_sev_snp": "",
                "core_count": 2,
                "threads_per_core": 1
              }
            ],
            "cpu_threads_per_core": 1,
            "credit_specification": [
              {
                "cpu_credits": "standard"
              }
            ],
            "disable_api_stop": false,
            "disable_api_termination": false,
            "ebs_block_device": [],
            "ebs_optimized": false,
            "enable_primary_ipv6": null,
            "enclave_options": [
              {
                "enabled": false
              }
            ],
            "ephemeral_block_device": [],
            "get_password_data": false,
            "hibernation": false,
            "host_id": "",
            "host_resource_group_arn": null,
            "iam_instance_profile": "",
            "id": "i-07a9cc5a551f1d35b",
            "instance_initiated_shutdown_behavior": "stop",
            "instance_lifecycle": "",
            "instance_market_options": [],
            "instance_state": "running",
            "instance_type": "t2.medium",
            "ipv6_address_count": 0,
            "ipv6_addresses": [],
            "key_name": "ssh-key",
            "launch_template": [],
            "maintenance_options": [
              {
                "auto_recovery": "default"
              }
            ],
            "metadata_options": [
              {
                "http_endpoint": "enabled",
                "http_protocol_ipv6": "disabled",
                "http_put_response_hop_limit": 2,
                "http_tokens": "required",
                "instance_metadata_tags": "disabled"
              }
            ],
            "monitoring": false,
            "network_interface": [],
            "outpost_arn": "",
            "password_data": "",
            "placement_group": "",
            "placement_partition_number": 0,
            "primary_network_interface_id": "eni-0605b42c4568ec268",
            "private_dns": "ip-10-0-1-80.eu-central-1.compute.internal",
            "private_dns_name_options": [
              {
                "enable_resource_name_dns_a_record": false,
                "enable_resource_name_dns_aaaa_record": false,
                "hostname_type": "ip-name"
              }
            ],
            "private_ip": "10.0.1.80",
            "public_dns": "ec2-3-75-222-100.eu-central-1.compute.amazonaws.com",
            "public_ip": "3.75.222.100",
            "root_block_device": [
              {
                "delete_on_termination": true,
                "device_name": "/dev/xvda",
                "encrypted": false,
                "iops": 3000,
                "kms_key_id": "",
                "tags": {},
                "tags_all": {},
                "throughput": 125,
                "volume_id": "vol-0074901be6e57e52c",
                "volume_size": 8,
                "volume_type": "gp3"
              }
            ],
            "secondary_private_ips": [],
            "security_groups": [],
            "source_dest_check": true,
            "spot_instance_request_id": "",
            "subnet_id": "subnet-0e7f7dc13a5186b31",
            "tags": {
              "Name": "instance-1"
            },
            "tags_all": {
              "Name": "instance-1"
            },
            "tenancy": "default",
            "timeouts": null,
            "user_data": "23c8b4d28d7e4299167a30396d29f307deb5c8de",
            "user_data_base64": null,
            "user_data_replace_on_change": false,
            "volume_tags": null,
            "vpc_security_group_ids": [
              "sg-0a13d3f8894168883"
            ]
          },
          "sensitive_attributes": [],
          "private": "eyJlMmJmYjczMC1lY2FhLTExZTYtOGY4OC0zNDM2M2JjN2M0YzAiOnsiY3JlYXRlIjo2MDAwMDAwMDAwMDAsImRlbGV0ZSI6MTIwMDAwMDAwMDAwMCwicmVhZCI6OTAwMDAwMDAwMDAwLCJ1cGRhdGUiOjYwMDAwMDAwMDAwMH0sInNjaGVtYV92ZXJzaW9uIjoiMSJ9",
          "dependencies": [
            "module.network.aws_subnet.subnets",
            "module.network.aws_vpc.terraform",
            "module.security_groups.aws_security_group.all",
            "module.vms.aws_key_pair.ssh-key"
          ]
        }
      ]
    },
    {
      "module": "module.vms",
      "mode": "managed",
      "type": "aws_key_pair",
      "name": "ssh-key",
      "provider": "provider[\"registry.terraform.io/hashicorp/aws\"]",
      "instances": [
        {
          "schema_version": 1,
          "attributes": {
            "arn": "arn:aws:ec2:eu-central-1:253490768279:key-pair/ssh-key",
            "fingerprint": "7f:87:c7:18:a8:78:41:70:14:c5:fb:3d:23:a9:be:bb",
            "id": "ssh-key",
            "key_name": "ssh-key",
            "key_name_prefix": "",
            "key_pair_id": "key-06f04d4c5089507ee",
            "key_type": "rsa",
            "public_key": "ssh-rsa AAAAB3NzaC1yc2EAAAADAQABAAACAQDgWn+MkuVc3S985TAcD2jXcnIIHZsJOQLo1aXUt1hMNdz0tzjE/KLdnJ+UP3a2GmrRnBw/es1FQThZ/FiIAgDpbM7SY126pr2od9sZ3cFgO8TB3qOJAVy7UnxZgF0apJpTSbbz8a7lDJCal9FDHDetACw200RlFxy5NHRaaad5Tl1Gqw+3UtDKnTInOxIQDrYr5pz7u7uE0EQORQtP1Q+bDk2O7FK578l3z8h6g1HRAiN0cLeKQlLUKBvgaG7Wqkh5Z23GAnKMFKdWEDi607oayB7sz3x5Ardv/akF80LqNRVFuLBZdwRM4yuBvBCVyCoU0xYPbZ6PuPPeFez/2PbAFXzzVePapTJKS1dvquwcE+/8purf1oTEeran+mNP0eYsgt3rlnWpTm6L/SO2b6cVMwNNdGknGlsUO2JIKc26pzdGThJX+NK7NAVECwTYryF6TYK6fGsm1W/Ud9V7qNNhyTBH6CaE2ybWlpI9fG/og3btY8lN4eAmjPKU7xcvq967WeEGQ9IvbAdhFKgWLnJym2C8bZC8ds9HDRrBVwIax80y4MdZ2zHgvCTuwO8ttfxrRujkwXA+mbqn62sj0R7bXbcOyggVhsztMuXyYLEOoXlAhpuqbjiHtRvhZ/Nt/QNa4n3ChR2mOZv3BkyAkFZe/vHhpG0Zw4MzoKq431sjxw== fonzaye@fedora",
            "tags": null,
            "tags_all": {}
          },
          "sensitive_attributes": [],
          "private": "eyJzY2hlbWFfdmVyc2lvbiI6IjEifQ=="
        }
      ]
    }
  ],
  "check_results": null
}
